
Microsoft Visual Studio Solution File, Format Version 12.00
# Visual Studio Version 17
VisualStudioVersion = 17.7.34024.191
MinimumVisualStudioVersion = 10.0.40219.1
Project("{9A19103F-16F7-4668-BE54-9A1E7A4F7556}") = "The C# player's guide", "The C# player's guide.csproj", "{51DD6FE7-BB5D-46F4-A145-9A2E8657D02D}"
EndProject
Global
	GlobalSection(SolutionConfigurationPlatforms) = preSolution
		Debug|Any CPU = Debug|Any CPU
		Release|Any CPU = Release|Any CPU
	EndGlobalSection
	GlobalSection(ProjectConfigurationPlatforms) = postSolution
		{51DD6FE7-BB5D-46F4-A145-9A2E8657D02D}.Debug|Any CPU.ActiveCfg = Debug|Any CPU
		{51DD6FE7-BB5D-46F4-A145-9A2E8657D02D}.Debug|Any CPU.Build.0 = Debug|Any CPU
		{51DD6FE7-BB5D-46F4-A145-9A2E8657D02D}.Release|Any CPU.ActiveCfg = Release|Any CPU
		{51DD6FE7-BB5D-46F4-A145-9A2E8657D02D}.Release|Any CPU.Build.0 = Release|Any CPU
	EndGlobalSection
	GlobalSection(SolutionProperties) = preSolution
		HideSolutionNode = FALSE
	EndGlobalSection
	GlobalSection(ExtensibilityGlobals) = postSolution
		SolutionGuid = {000F036F-B598-4B6B-AF2B-C2DDC33739FF}
	EndGlobalSection
EndGlobal
